{
    "_meta": {
        "hash": {
            "sha256": "c5b52e6449ac071a706b1f77a53e52d55cd9c35437a657ad32f64309201350e2"
        },
        "pipfile-spec": 6,
        "requires": {
            "python_version": "3.12"
        },
        "sources": [
            {
                "name": "pypi",
                "url": "https://pypi.org/simple",
                "verify_ssl": true
            }
        ]
    },
    "default": {
        "connectorx": {
            "hashes": [
                "sha256:0873df0741da01dfff101895b426a9cd0f84a98d87aba1c5873233ab134cda53",
                "sha256:152746a662fec8bfbe520f127d2ca77a780fdc70ad1c199aadd7544612b291cc",
                "sha256:1fe7e4426982f91dcba74a0937696a339287f198e8c55d3186784b2ced2bff01",
                "sha256:241b84cf5a866f175f3ed204bf4c17bcbdfe50c05d745a48d193d7f164a32ae2",
                "sha256:2713f737f8cc8768598d287a5807c34588fef63a572750b54c49400be6e8aa8e",
                "sha256:2fcf42c9577e314d21caac0fa532ce485404ce3be082642e02543344ee0ca3b0",
                "sha256:34fa1c734ec670087ac9c2f4e2f66f594ae783773bc87f55324b26cf8521e4a3",
                "sha256:40ea58bd899d8d2cb37776dae53226a98e698587d8f9e37dbcf3a6e37e2209f8",
                "sha256:4af1a106d0e21d60ee783d11008e76d5c9af3665c85689544083a9655945bf16",
                "sha256:58906d50564b059086dd2283e975b6a8874ce78edfb2672623f2d003ed987675",
                "sha256:5ffb92d51116a67a57d75c7427505e102b5ab8e71d96df2bbf5a0f0073284241",
                "sha256:900c5af9d566399cb42fa808b0ea03817b654d106e25b6e530393ce55193e21a",
                "sha256:a347c22fe4b8d4f37f478ad3b8f2fa7dd2eccd9cc42c5493a2e4246221df3218",
                "sha256:a461fa210f69419a04a21f596fe593ed104c5d22100c468042ee55b15219d3bd",
                "sha256:b9408ee082985a66fedbf12328c655dc2a8d86e4c5127666ffcd81d0c79c4b76",
                "sha256:ba7afa7749a28d13ef4c0ca7cbd0e118d367db77f576c8a1fba42694dc9e3534",
                "sha256:bcae0f740ec17d14692692fb66b9beb32e1d9112c7940d1cee48efc52eb8c441",
                "sha256:be944d72a8f64443efee5a0a992479d5d59608d36c348f24770b32a3b92537cf",
                "sha256:d31ddc124309f3bc642970684abc912dab51bd5bb521246df8e021c487a6d938",
                "sha256:fb767647e1de4835b975a5627d0eadaa8de774ba6f123d455c058bdbcd8f8c0a"
            ],
            "index": "pypi",
            "markers": "python_version >= '3.10'",
            "version": "==0.4.3"
        },
        "greenlet": {
            "hashes": [
                "sha256:00cd814b8959b95a546e47e8d589610534cfb71f19802ea8a2ad99d95d702057",
                "sha256:02a98600899ca1ca5d3a2590974c9e3ec259503b2d6ba6527605fcd74e08e207",
                "sha256:02f5972ff02c9cf615357c17ab713737cccfd0eaf69b951084a9fd43f39833d3",
                "sha256:055916fafad3e3388d27dd68517478933a97edc2fc54ae79d3bec827de2c64c4",
                "sha256:0a16fb934fcabfdfacf21d79e6fed81809d8cd97bc1be9d9c89f0e4567143d7b",
                "sha256:1592a615b598643dbfd566bac8467f06c8c8ab6e56f069e573832ed1d5d528cc",
                "sha256:1919cbdc1c53ef739c94cf2985056bcc0838c1f217b57647cbf4578576c63825",
                "sha256:1e4747712c4365ef6765708f948acc9c10350719ca0545e362c24ab973017370",
                "sha256:1e76106b6fc55fa3d6fe1c527f95ee65e324a13b62e243f77b48317346559708",
                "sha256:1f72667cc341c95184f1c68f957cb2d4fc31eef81646e8e59358a10ce6689457",
                "sha256:2593283bf81ca37d27d110956b79e8723f9aa50c4bcdc29d3c0543d4743d2763",
                "sha256:2dc5c43bb65ec3669452af0ab10729e8fdc17f87a1f2ad7ec65d4aaaefabf6bf",
                "sha256:3091bc45e6b0c73f225374fefa1536cd91b1e987377b12ef5b19129b07d93ebe",
                "sha256:354f67445f5bed6604e493a06a9a49ad65675d3d03477d38a4db4a427e9aad0e",
                "sha256:3885f85b61798f4192d544aac7b25a04ece5fe2704670b4ab73c2d2c14ab740d",
                "sha256:3ab7194ee290302ca15449f601036007873028712e92ca15fc76597a0aeb4c59",
                "sha256:3aeca9848d08ce5eb653cf16e15bb25beeab36e53eb71cc32569f5f3afb2a3aa",
                "sha256:44671c29da26539a5f142257eaba5110f71887c24d40df3ac87f1117df589e0e",
                "sha256:45f9f4853fb4cc46783085261c9ec4706628f3b57de3e68bae03e8f8b3c0de51",
                "sha256:4bd139e4943547ce3a56ef4b8b1b9479f9e40bb47e72cc906f0f66b9d0d5cab3",
                "sha256:4fefc7aa68b34b9224490dfda2e70ccf2131368493add64b4ef2d372955c207e",
                "sha256:6629311595e3fe7304039c67f00d145cd1d38cf723bb5b99cc987b23c1433d61",
                "sha256:6fadd183186db360b61cb34e81117a096bff91c072929cd1b529eb20dd46e6c5",
                "sha256:71566302219b17ca354eb274dfd29b8da3c268e41b646f330e324e3967546a74",
                "sha256:7409796591d879425997a518138889d8d17e63ada7c99edc0d7a1c22007d4907",
                "sha256:752f0e79785e11180ebd2e726c8a88109ded3e2301d40abced2543aa5d164275",
                "sha256:7791dcb496ec53d60c7f1c78eaa156c21f402dda38542a00afc3e20cae0f480f",
                "sha256:782743700ab75716650b5238a4759f840bb2dcf7bff56917e9ffdf9f1f23ec59",
                "sha256:7c9896249fbef2c615853b890ee854f22c671560226c9221cfd27c995db97e5c",
                "sha256:85f3e248507125bf4af607a26fd6cb8578776197bd4b66e35229cdf5acf1dfbf",
                "sha256:89c69e9a10670eb7a66b8cef6354c24671ba241f46152dd3eed447f79c29fb5b",
                "sha256:8cb8553ee954536500d88a1a2f58fcb867e45125e600e80f586ade399b3f8819",
                "sha256:9ae572c996ae4b5e122331e12bbb971ea49c08cc7c232d1bd43150800a2d6c65",
                "sha256:9c7b15fb9b88d9ee07e076f5a683027bc3befd5bb5d25954bb633c385d8b737e",
                "sha256:9ea5231428af34226c05f927e16fc7f6fa5e39e3ad3cd24ffa48ba53a47f4240",
                "sha256:a31ead8411a027c2c4759113cf2bd473690517494f3d6e4bf67064589afcd3c5",
                "sha256:a8fa80665b1a29faf76800173ff5325095f3e66a78e62999929809907aca5659",
                "sha256:ad053d34421a2debba45aa3cc39acf454acbcd025b3fc1a9f8a0dee237abd485",
                "sha256:b24c7844c0a0afc3ccbeb0b807adeefb7eff2b5599229ecedddcfeb0ef333bec",
                "sha256:b50a8c5c162469c3209e5ec92ee4f95c8231b11db6a04db09bbe338176723bb8",
                "sha256:ba30e88607fb6990544d84caf3c706c4b48f629e18853fc6a646f82db9629418",
                "sha256:bf3fc9145141250907730886b031681dfcc0de1c158f3cc51c092223c0f381ce",
                "sha256:c23ea227847c9dbe0b3910f5c0dd95658b607137614eb821e6cbaecd60d81cc6",
                "sha256:c3cc1a3ed00ecfea8932477f729a9f616ad7347a5e55d50929efa50a86cb7be7",
                "sha256:c49e9f7c6f625507ed83a7485366b46cbe325717c60837f7244fc99ba16ba9d6",
                "sha256:d0cb7d47199001de7658c213419358aa8937df767936506db0db7ce1a71f4a2f",
                "sha256:d8009ae46259e31bc73dc183e402f548e980c96f33a6ef58cc2e7865db012e13",
                "sha256:da956d534a6d1b9841f95ad0f18ace637668f680b1339ca4dcfb2c1837880a0b",
                "sha256:dcb9cebbf3f62cb1e5afacae90761ccce0effb3adaa32339a0670fe7805d8068",
                "sha256:decb0658ec19e5c1f519faa9a160c0fc85a41a7e6654b3ce1b44b939f8bf1325",
                "sha256:df4d1509efd4977e6a844ac96d8be0b9e5aa5d5c77aa27ca9f4d3f92d3fcf330",
                "sha256:eeb27bece45c0c2a5842ac4c5a1b5c2ceaefe5711078eed4e8043159fa05c834",
                "sha256:efcdfb9df109e8a3b475c016f60438fcd4be68cd13a365d42b35914cdab4bb2b",
                "sha256:fd9fb7c941280e2c837b603850efc93c999ae58aae2b40765ed682a6907ebbc5",
                "sha256:fe46d4f8e94e637634d54477b0cfabcf93c53f29eedcbdeecaf2af32029b4421"
            ],
            "markers": "python_version < '3.14' and platform_machine == 'aarch64' or (platform_machine == 'ppc64le' or (platform_machine == 'x86_64' or (platform_machine == 'amd64' or (platform_machine == 'AMD64' or (platform_machine == 'win32' or platform_machine == 'WIN32')))))",
            "version": "==3.2.2"
        },
        "numpy": {
            "hashes": [
                "sha256:038613e9fb8c72b0a41f025a7e4c3f0b7a1b5d768ece4796b674c8f3fe13efff",
                "sha256:0678000bb9ac1475cd454c6b8c799206af8107e310843532b04d49649c717a47",
                "sha256:0811bb762109d9708cca4d0b13c4f67146e3c3b7cf8d34018c722adb2d957c84",
                "sha256:0b605b275d7bd0c640cad4e5d30fa701a8d59302e127e5f79138ad62762c3e3d",
                "sha256:0bca768cd85ae743b2affdc762d617eddf3bcf8724435498a1e80132d04879e6",
                "sha256:1bc23a79bfabc5d056d106f9befb8d50c31ced2fbc70eedb8155aec74a45798f",
                "sha256:287cc3162b6f01463ccd86be154f284d0893d2b3ed7292439ea97eafa8170e0b",
                "sha256:37c0ca431f82cd5fa716eca9506aefcabc247fb27ba69c5062a6d3ade8cf8f49",
                "sha256:37e990a01ae6ec7fe7fa1c26c55ecb672dd98b19c3d0e1d1f326fa13cb38d163",
                "sha256:389d771b1623ec92636b0786bc4ae56abafad4a4c513d36a55dce14bd9ce8571",
                "sha256:3d70692235e759f260c3d837193090014aebdf026dfd167834bcba43e30c2a42",
                "sha256:41c5a21f4a04fa86436124d388f6ed60a9343a6f767fced1a8a71c3fbca038ff",
                "sha256:481b49095335f8eed42e39e8041327c05b0f6f4780488f61286ed3c01368d491",
                "sha256:4eeaae00d789f66c7a25ac5f34b71a7035bb474e679f410e5e1a94deb24cf2d4",
                "sha256:55a4d33fa519660d69614a9fad433be87e5252f4b03850642f88993f7b2ca566",
                "sha256:5a6429d4be8ca66d889b7cf70f536a397dc45ba6faeb5f8c5427935d9592e9cf",
                "sha256:5bd4fc3ac8926b3819797a7c0e2631eb889b4118a9898c84f585a54d475b7e40",
                "sha256:5beb72339d9d4fa36522fc63802f469b13cdbe4fdab4a288f0c441b74272ebfd",
                "sha256:6031dd6dfecc0cf9f668681a37648373bddd6421fff6c66ec1624eed0180ee06",
                "sha256:71594f7c51a18e728451bb50cc60a3ce4e6538822731b2933209a1f3614e9282",
                "sha256:74d4531beb257d2c3f4b261bfb0fc09e0f9ebb8842d82a7b4209415896adc680",
                "sha256:7befc596a7dc9da8a337f79802ee8adb30a552a94f792b9c9d18c840055907db",
                "sha256:894b3a42502226a1cac872f840030665f33326fc3dac8e57c607905773cdcde3",
                "sha256:8e41fd67c52b86603a91c1a505ebaef50b3314de0213461c7a6e99c9a3beff90",
                "sha256:8e9ace4a37db23421249ed236fdcdd457d671e25146786dfc96835cd951aa7c1",
                "sha256:8fc377d995680230e83241d8a96def29f204b5782f371c532579b4f20607a289",
                "sha256:9551a499bf125c1d4f9e250377c1ee2eddd02e01eac6644c080162c0c51778ab",
                "sha256:b0544343a702fa80c95ad5d3d608ea3599dd54d4632df855e4c8d24eb6ecfa1c",
                "sha256:b093dd74e50a8cba3e873868d9e93a85b78e0daf2e98c6797566ad8044e8363d",
                "sha256:b412caa66f72040e6d268491a59f2c43bf03eb6c96dd8f0307829feb7fa2b6fb",
                "sha256:b4f13750ce79751586ae2eb824ba7e1e8dba64784086c98cdbbcc6a42112ce0d",
                "sha256:b64d8d4d17135e00c8e346e0a738deb17e754230d7e0810ac5012750bbd85a5a",
                "sha256:ba10f8411898fc418a521833e014a77d3ca01c15b0c6cdcce6a0d2897e6dbbdf",
                "sha256:bd48227a919f1bafbdda0583705e547892342c26fb127219d60a5c36882609d1",
                "sha256:c1f9540be57940698ed329904db803cf7a402f3fc200bfe599334c9bd84a40b2",
                "sha256:c820a93b0255bc360f53eca31a0e676fd1101f673dda8da93454a12e23fc5f7a",
                "sha256:ce47521a4754c8f4593837384bd3424880629f718d87c5d44f8ed763edd63543",
                "sha256:d042d24c90c41b54fd506da306759e06e568864df8ec17ccc17e9e884634fd00",
                "sha256:de749064336d37e340f640b05f24e9e3dd678c57318c7289d222a8a2f543e90c",
                "sha256:e1dda9c7e08dc141e0247a5b8f49cf05984955246a327d4c48bda16821947b2f",
                "sha256:e29554e2bef54a90aa5cc07da6ce955accb83f21ab5de01a62c8478897b264fd",
                "sha256:e3143e4451880bed956e706a3220b4e5cf6172ef05fcc397f6f36a550b1dd868",
                "sha256:e8213002e427c69c45a52bbd94163084025f533a55a59d6f9c5b820774ef3303",
                "sha256:efd28d4e9cd7d7a8d39074a4d44c63eda73401580c5c76acda2ce969e0a38e83",
                "sha256:f0fd6321b839904e15c46e0d257fdd101dd7f530fe03fd6359c1ea63738703f3",
                "sha256:f1372f041402e37e5e633e586f62aa53de2eac8d98cbfb822806ce4bbefcb74d",
                "sha256:f2618db89be1b4e05f7a1a847a9c1c0abd63e63a1607d892dd54668dd92faf87",
                "sha256:f447e6acb680fd307f40d3da4852208af94afdfab89cf850986c3ca00562f4fa",
                "sha256:f92729c95468a2f4f15e9bb94c432a9229d0d50de67304399627a943201baa2f",
                "sha256:f9f1adb22318e121c5c69a09142811a201ef17ab257a1e66ca3025065b7f53ae",
                "sha256:fc0c5673685c508a142ca65209b4e79ed6740a4ed6b2267dbba90f34b0b3cfda",
                "sha256:fc7b73d02efb0e18c000e9ad8b83480dfcd5dfd11065997ed4c6747470ae8915",
                "sha256:fd83c01228a688733f1ded5201c678f0c53ecc1006ffbc404db9f7a899ac6249",
                "sha256:fe27749d33bb772c80dcd84ae7e8df2adc920ae8297400dabec45f0dedb3f6de",
                "sha256:fee4236c876c4e8369388054d02d0e9bb84821feb1a64dd59e137e6511a551f8"
            ],
            "markers": "python_version >= '3.12'",
            "version": "==2.2.6"
        },
        "pandas": {
            "hashes": [
                "sha256:062309c1b9ea12a50e8ce661145c6aab431b1e99530d3cd60640e255778bd43a",
                "sha256:15c0e1e02e93116177d29ff83e8b1619c93ddc9c49083f237d4312337a61165d",
                "sha256:1948ddde24197a0f7add2bdc4ca83bf2b1ef84a1bc8ccffd95eda17fd836ecb5",
                "sha256:1db71525a1538b30142094edb9adc10be3f3e176748cd7acc2240c2f2e5aa3a4",
                "sha256:22a9d949bfc9a502d320aa04e5d02feab689d61da4e7764b62c30b991c42c5f0",
                "sha256:29401dbfa9ad77319367d36940cd8a0b3a11aba16063e39632d98b0e931ddf32",
                "sha256:31d0ced62d4ea3e231a9f228366919a5ea0b07440d9d4dac345376fd8e1477ea",
                "sha256:3508d914817e153ad359d7e069d752cdd736a247c322d932eb89e6bc84217f28",
                "sha256:37e0aced3e8f539eccf2e099f65cdb9c8aa85109b0be6e93e2baff94264bdc6f",
                "sha256:381175499d3802cde0eabbaf6324cce0c4f5d52ca6f8c377c29ad442f50f6348",
                "sha256:38cf8125c40dae9d5acc10fa66af8ea6fdf760b2714ee482ca691fc66e6fcb18",
                "sha256:3b71f27954685ee685317063bf13c7709a7ba74fc996b84fc6821c59b0f06468",
                "sha256:3fc6873a41186404dad67245896a6e440baacc92f5b716ccd1bc9ed2995ab2c5",
                "sha256:4850ba03528b6dd51d6c5d273c46f183f39a9baf3f0143e566b89450965b105e",
                "sha256:4f18ba62b61d7e192368b84517265a99b4d7ee8912f8708660fb4a366cc82667",
                "sha256:56534ce0746a58afaf7942ba4863e0ef81c9c50d3f0ae93e9497d6a41a057645",
                "sha256:59ef3764d0fe818125a5097d2ae867ca3fa64df032331b7e0917cf5d7bf66b13",
                "sha256:5dbca4c1acd72e8eeef4753eeca07de9b1db4f398669d5994086f788a5d7cc30",
                "sha256:5de54125a92bb4d1c051c0659e6fcb75256bf799a732a87184e5ea503965bce3",
                "sha256:61c5ad4043f791b61dd4752191d9f07f0ae412515d59ba8f005832a532f8736d",
                "sha256:6374c452ff3ec675a8f46fd9ab25c4ad0ba590b71cf0656f8b6daa5202bca3fb",
                "sha256:63cc132e40a2e084cf01adf0775b15ac515ba905d7dcca47e9a251819c575ef3",
                "sha256:66108071e1b935240e74525006034333f98bcdb87ea116de573a6a0dccb6c039",
                "sha256:6dfcb5ee8d4d50c06a51c2fffa6cff6272098ad6540aed1a76d15fb9318194d8",
                "sha256:7c2875855b0ff77b2a64a0365e24455d9990730d6431b9e0ee18ad8acee13dbd",
                "sha256:7eee9e7cea6adf3e3d24e304ac6b8300646e2a5d1cd3a3c2abed9101b0846761",
                "sha256:800250ecdadb6d9c78eae4990da62743b857b470883fa27f652db8bdde7f6659",
                "sha256:86976a1c5b25ae3f8ccae3a5306e443569ee3c3faf444dfd0f41cda24667ad57",
                "sha256:8cd6d7cc958a3910f934ea8dbdf17b2364827bb4dafc38ce6eef6bb3d65ff09c",
                "sha256:99df71520d25fade9db7c1076ac94eb994f4d2673ef2aa2e86ee039b6746d20c",
                "sha256:a5a1595fe639f5988ba6a8e5bc9649af3baf26df3998a0abe56c02609392e0a4",
                "sha256:ad5b65698ab28ed8d7f18790a0dc58005c7629f227be9ecc1072aa74c0c1d43a",
                "sha256:b1d432e8d08679a40e2a6d8b2f9770a5c21793a6f9f47fdd52c5ce1948a5a8a9",
                "sha256:b8661b0238a69d7aafe156b7fa86c44b881387509653fdf857bebc5e4008ad42",
                "sha256:ba96630bc17c875161df3818780af30e43be9b166ce51c9a18c1feae342906c2",
                "sha256:bc6b93f9b966093cb0fd62ff1a7e4c09e6d546ad7c1de191767baffc57628f39",
                "sha256:c124333816c3a9b03fbeef3a9f230ba9a737e9e5bb4060aa2107a86cc0a497fc",
                "sha256:cd8d0c3be0515c12fed0bdbae072551c8b54b7192c7b1fda0ba56059a0179698",
                "sha256:d9c45366def9a3dd85a6454c0e7908f2b3b8e9c138f5dc38fed7ce720d8453ed",
                "sha256:f00d1345d84d8c86a63e476bb4955e46458b304b9575dcf71102b5c705320015",
                "sha256:f3a255b2c19987fbbe62a9dfd6cff7ff2aa9ccab3fc75218fd4b7530f01efa24",
                "sha256:fffb8ae78d8af97f849404f21411c95062db1496aeb3e56f146f0355c9989319"
            ],
            "index": "pypi",
            "markers": "python_version >= '3.9'",
            "version": "==2.2.3"
        },
        "polars": {
            "hashes": [
                "sha256:1a52af3862082b868c1febeae650af8ae8a2105d2cb28f0449179a7b44f54ccf",
                "sha256:476f1bde65bc7b4d9f80af370645c2981b5798d67c151055e58534e89e96f2a8",
                "sha256:4c33bc97c29b7112f0e689a2f8a33143973a3ff466c70b25c7fd1880225de6dd",
                "sha256:c26b633a9bd530c5fc09d317fca3bb3e16c772bd7df7549a9d8ec1934773cc5d",
                "sha256:dfe94ae84a5efd9ba74e616e3e125b24ca155494a931890a8f17480737c4db45",
                "sha256:e3d05914c364b8e39a5b10dcf97e84d76e516b3b1693880bf189a93aab3ca00d",
                "sha256:ffb3ef133454275d4254442257c5f71dd6e393ce365c97997dadeb6fa9d6d4b5"
            ],
            "index": "pypi",
            "markers": "python_version >= '3.9'",
            "version": "==1.30.0"
        },
        "psycopg2-binary": {
            "hashes": [
                "sha256:04392983d0bb89a8717772a193cfaac58871321e3ec69514e1c4e0d4957b5aff",
                "sha256:056470c3dc57904bbf63d6f534988bafc4e970ffd50f6271fc4ee7daad9498a5",
                "sha256:0ea8e3d0ae83564f2fc554955d327fa081d065c8ca5cc6d2abb643e2c9c1200f",
                "sha256:155e69561d54d02b3c3209545fb08938e27889ff5a10c19de8d23eb5a41be8a5",
                "sha256:18c5ee682b9c6dd3696dad6e54cc7ff3a1a9020df6a5c0f861ef8bfd338c3ca0",
                "sha256:19721ac03892001ee8fdd11507e6a2e01f4e37014def96379411ca99d78aeb2c",
                "sha256:1a6784f0ce3fec4edc64e985865c17778514325074adf5ad8f80636cd029ef7c",
                "sha256:2286791ececda3a723d1910441c793be44625d86d1a4e79942751197f4d30341",
                "sha256:230eeae2d71594103cd5b93fd29d1ace6420d0b86f4778739cb1a5a32f607d1f",
                "sha256:245159e7ab20a71d989da00f280ca57da7641fa2cdcf71749c193cea540a74f7",
                "sha256:26540d4a9a4e2b096f1ff9cce51253d0504dca5a85872c7f7be23be5a53eb18d",
                "sha256:270934a475a0e4b6925b5f804e3809dd5f90f8613621d062848dd82f9cd62007",
                "sha256:27422aa5f11fbcd9b18da48373eb67081243662f9b46e6fd07c3eb46e4535142",
                "sha256:2ad26b467a405c798aaa1458ba09d7e2b6e5f96b1ce0ac15d82fd9f95dc38a92",
                "sha256:2b3d2491d4d78b6b14f76881905c7a8a8abcf974aad4a8a0b065273a0ed7a2cb",
                "sha256:2ce3e21dc3437b1d960521eca599d57408a695a0d3c26797ea0f72e834c7ffe5",
                "sha256:30e34c4e97964805f715206c7b789d54a78b70f3ff19fbe590104b71c45600e5",
                "sha256:3216ccf953b3f267691c90c6fe742e45d890d8272326b4a8b20850a03d05b7b8",
                "sha256:32581b3020c72d7a421009ee1c6bf4a131ef5f0a968fab2e2de0c9d2bb4577f1",
                "sha256:35958ec9e46432d9076286dda67942ed6d968b9c3a6a2fd62b48939d1d78bf68",
                "sha256:3abb691ff9e57d4a93355f60d4f4c1dd2d68326c968e7db17ea96df3c023ef73",
                "sha256:3c18f74eb4386bf35e92ab2354a12c17e5eb4d9798e4c0ad3a00783eae7cd9f1",
                "sha256:3c4745a90b78e51d9ba06e2088a2fe0c693ae19cc8cb051ccda44e8df8a6eb53",
                "sha256:3c4ded1a24b20021ebe677b7b08ad10bf09aac197d6943bfe6fec70ac4e4690d",
                "sha256:3e9c76f0ac6f92ecfc79516a8034a544926430f7b080ec5a0537bca389ee0906",
                "sha256:48b338f08d93e7be4ab2b5f1dbe69dc5e9ef07170fe1f86514422076d9c010d0",
                "sha256:4b3df0e6990aa98acda57d983942eff13d824135fe2250e6522edaa782a06de2",
                "sha256:512d29bb12608891e349af6a0cccedce51677725a921c07dba6342beaf576f9a",
                "sha256:5a507320c58903967ef7384355a4da7ff3f28132d679aeb23572753cbf2ec10b",
                "sha256:5c370b1e4975df846b0277b4deba86419ca77dbc25047f535b0bb03d1a544d44",
                "sha256:6b269105e59ac96aba877c1707c600ae55711d9dcd3fc4b5012e4af68e30c648",
                "sha256:6d4fa1079cab9018f4d0bd2db307beaa612b0d13ba73b5c6304b9fe2fb441ff7",
                "sha256:6dc08420625b5a20b53551c50deae6e231e6371194fa0651dbe0fb206452ae1f",
                "sha256:73aa0e31fa4bb82578f3a6c74a73c273367727de397a7a0f07bd83cbea696baa",
                "sha256:7559bce4b505762d737172556a4e6ea8a9998ecac1e39b5233465093e8cee697",
                "sha256:79625966e176dc97ddabc142351e0409e28acf4660b88d1cf6adb876d20c490d",
                "sha256:7a813c8bdbaaaab1f078014b9b0b13f5de757e2b5d9be6403639b298a04d218b",
                "sha256:7b2c956c028ea5de47ff3a8d6b3cc3330ab45cf0b7c3da35a2d6ff8420896526",
                "sha256:7f4152f8f76d2023aac16285576a9ecd2b11a9895373a1f10fd9db54b3ff06b4",
                "sha256:7f5d859928e635fa3ce3477704acee0f667b3a3d3e4bb109f2b18d4005f38287",
                "sha256:851485a42dbb0bdc1edcdabdb8557c09c9655dfa2ca0460ff210522e073e319e",
                "sha256:8608c078134f0b3cbd9f89b34bd60a943b23fd33cc5f065e8d5f840061bd0673",
                "sha256:880845dfe1f85d9d5f7c412efea7a08946a46894537e4e5d091732eb1d34d9a0",
                "sha256:8aabf1c1a04584c168984ac678a668094d831f152859d06e055288fa515e4d30",
                "sha256:8aecc5e80c63f7459a1a2ab2c64df952051df196294d9f739933a9f6687e86b3",
                "sha256:8cd9b4f2cfab88ed4a9106192de509464b75a906462fb846b936eabe45c2063e",
                "sha256:8de718c0e1c4b982a54b41779667242bc630b2197948405b7bd8ce16bcecac92",
                "sha256:9440fa522a79356aaa482aa4ba500b65f28e5d0e63b801abf6aa152a29bd842a",
                "sha256:b5f86c56eeb91dc3135b3fd8a95dc7ae14c538a2f3ad77a19645cf55bab1799c",
                "sha256:b73d6d7f0ccdad7bc43e6d34273f70d587ef62f824d7261c4ae9b8b1b6af90e8",
                "sha256:bb89f0a835bcfc1d42ccd5f41f04870c1b936d8507c6df12b7737febc40f0909",
                "sha256:c3cc28a6fd5a4a26224007712e79b81dbaee2ffb90ff406256158ec4d7b52b47",
                "sha256:ce5ab4bf46a211a8e924d307c1b1fcda82368586a19d0a24f8ae166f5c784864",
                "sha256:d00924255d7fc916ef66e4bf22f354a940c67179ad3fd7067d7a0a9c84d2fbfc",
                "sha256:d7cd730dfa7c36dbe8724426bf5612798734bff2d3c3857f36f2733f5bfc7c00",
                "sha256:e217ce4d37667df0bc1c397fdcd8de5e81018ef305aed9415c3b093faaeb10fb",
                "sha256:e3923c1d9870c49a2d44f795df0c889a22380d36ef92440ff618ec315757e539",
                "sha256:e5720a5d25e3b99cd0dc5c8a440570469ff82659bb09431c1439b92caf184d3b",
                "sha256:e8b58f0a96e7a1e341fc894f62c1177a7c83febebb5ff9123b579418fdc8a481",
                "sha256:e984839e75e0b60cfe75e351db53d6db750b00de45644c5d1f7ee5d1f34a1ce5",
                "sha256:eb09aa7f9cecb45027683bb55aebaaf45a0df8bf6de68801a6afdc7947bb09d4",
                "sha256:ec8a77f521a17506a24a5f626cb2aee7850f9b69a0afe704586f63a464f3cd64",
                "sha256:ecced182e935529727401b24d76634a357c71c9275b356efafd8a2a91ec07392",
                "sha256:ee0e8c683a7ff25d23b55b11161c2663d4b099770f6085ff0a20d4505778d6b4",
                "sha256:f0c2d907a1e102526dd2986df638343388b94c33860ff3bbe1384130828714b1",
                "sha256:f758ed67cab30b9a8d2833609513ce4d3bd027641673d4ebc9c067e4d208eec1",
                "sha256:f8157bed2f51db683f31306aa497311b560f2265998122abe1dce6428bd86567",
                "sha256:ffe8ed017e4ed70f68b7b371d84b7d4a790368db9203dfc2d222febd3a9c8863"
            ],
            "index": "pypi",
            "markers": "python_version >= '3.8'",
            "version": "==2.9.10"
        },
        "pyarrow": {
            "hashes": [
                "sha256:00138f79ee1b5aca81e2bdedb91e3739b987245e11fa3c826f9e57c5d102fb75",
                "sha256:11529a2283cb1f6271d7c23e4a8f9f8b7fd173f7360776b668e509d712a02eec",
                "sha256:15aa1b3b2587e74328a730457068dc6c89e6dcbf438d4369f572af9d320a25ee",
                "sha256:1bcbe471ef3349be7714261dea28fe280db574f9d0f77eeccc195a2d161fd861",
                "sha256:204a846dca751428991346976b914d6d2a82ae5b8316a6ed99789ebf976551e6",
                "sha256:211d5e84cecc640c7a3ab900f930aaff5cd2702177e0d562d426fb7c4f737781",
                "sha256:24ca380585444cb2a31324c546a9a56abbe87e26069189e14bdba19c86c049f0",
                "sha256:2c3a01f313ffe27ac4126f4c2e5ea0f36a5fc6ab51f8726cf41fee4b256680bd",
                "sha256:30b3051b7975801c1e1d387e17c588d8ab05ced9b1e14eec57915f79869b5031",
                "sha256:3346babb516f4b6fd790da99b98bed9708e3f02e734c84971faccb20736848dc",
                "sha256:3e1f8a47f4b4ae4c69c4d702cfbdfe4d41e18e5c7ef6f1bb1c50918c1e81c57b",
                "sha256:4250e28a22302ce8692d3a0e8ec9d9dde54ec00d237cff4dfa9c1fbf79e472a8",
                "sha256:4680f01ecd86e0dd63e39eb5cd59ef9ff24a9d166db328679e36c108dc993d4c",
                "sha256:4a8b029a07956b8d7bd742ffca25374dd3f634b35e46cc7a7c3fa4c75b297191",
                "sha256:4ba3cf4182828be7a896cbd232aa8dd6a31bd1f9e32776cc3796c012855e1199",
                "sha256:5605919fbe67a7948c1f03b9f3727d82846c053cd2ce9303ace791855923fd20",
                "sha256:5f0fb1041267e9968c6d0d2ce3ff92e3928b243e2b6d11eeb84d9ac547308232",
                "sha256:6102b4864d77102dbbb72965618e204e550135a940c2534711d5ffa787df2a5a",
                "sha256:6415a0d0174487456ddc9beaead703d0ded5966129fa4fd3114d76b5d1c5ceae",
                "sha256:6bb830757103a6cb300a04610e08d9636f0cd223d32f388418ea893a3e655f1c",
                "sha256:6fc1499ed3b4b57ee4e090e1cea6eb3584793fe3d1b4297bbf53f09b434991a5",
                "sha256:75a51a5b0eef32727a247707d4755322cb970be7e935172b6a3a9f9ae98404ba",
                "sha256:7a3a5dcf54286e6141d5114522cf31dd67a9e7c9133d150799f30ee302a7a1ab",
                "sha256:7f4c8534e2ff059765647aa69b75d6543f9fef59e2cd4c6d18015192565d2b70",
                "sha256:82f1ee5133bd8f49d31be1299dc07f585136679666b502540db854968576faf9",
                "sha256:851c6a8260ad387caf82d2bbf54759130534723e37083111d4ed481cb253cc0d",
                "sha256:89e030dc58fc760e4010148e6ff164d2f44441490280ef1e97a542375e41058e",
                "sha256:95b330059ddfdc591a3225f2d272123be26c8fa76e8c9ee1a77aad507361cfdb",
                "sha256:96d6a0a37d9c98be08f5ed6a10831d88d52cac7b13f5287f1e0f625a0de8062b",
                "sha256:96e37f0766ecb4514a899d9a3554fadda770fb57ddf42b63d80f14bc20aa7db3",
                "sha256:97c8dc984ed09cb07d618d57d8d4b67a5100a30c3818c2fb0b04599f0da2de7b",
                "sha256:991f85b48a8a5e839b2128590ce07611fae48a904cae6cab1f089c5955b57eb5",
                "sha256:9965a050048ab02409fb7cbbefeedba04d3d67f2cc899eff505cc084345959ca",
                "sha256:9b71daf534f4745818f96c214dbc1e6124d7daf059167330b610fc69b6f3d3e3",
                "sha256:a15532e77b94c61efadde86d10957950392999503b3616b2ffcef7621a002893",
                "sha256:a18a14baef7d7ae49247e75641fd8bcbb39f44ed49a9fc4ec2f65d5031aa3b96",
                "sha256:a1f60dc14658efaa927f8214734f6a01a806d7690be4b3232ba526836d216122",
                "sha256:a2791f69ad72addd33510fec7bb14ee06c2a448e06b649e264c094c5b5f7ce28",
                "sha256:a5704f29a74b81673d266e5ec1fe376f060627c2e42c5c7651288ed4b0db29e9",
                "sha256:a6ad3e7758ecf559900261a4df985662df54fb7fdb55e8e3b3aa99b23d526b62",
                "sha256:aa0d288143a8585806e3cc7c39566407aab646fb9ece164609dac1cfff45f6ae",
                "sha256:b6953f0114f8d6f3d905d98e987d0924dabce59c3cda380bdfaa25a6201563b4",
                "sha256:b8ff87cc837601532cc8242d2f7e09b4e02404de1b797aee747dd4ba4bd6313f",
                "sha256:c7dd06fd7d7b410ca5dc839cc9d485d2bc4ae5240851bcd45d85105cc90a47d7",
                "sha256:ca151afa4f9b7bc45bcc791eb9a89e90a9eb2772767d0b1e5389609c7d03db63",
                "sha256:cb497649e505dc36542d0e68eca1a3c94ecbe9799cb67b578b55f2441a247fbc",
                "sha256:d5382de8dc34c943249b01c19110783d0d64b207167c728461add1ecc2db88e4",
                "sha256:db53390eaf8a4dab4dbd6d93c85c5cf002db24902dbff0ca7d988beb5c9dd15b",
                "sha256:dd43f58037443af715f34f1322c782ec463a3c8a94a85fdb2d987ceb5658e061",
                "sha256:e22f80b97a271f0a7d9cd07394a7d348f80d3ac63ed7cc38b6d1b696ab3b2619",
                "sha256:e724a3fd23ae5b9c010e7be857f4405ed5e679db5c93e66204db1a69f733936a",
                "sha256:e8b88758f9303fa5a83d6c90e176714b2fd3852e776fc2d7e42a22dd6c2fb368",
                "sha256:f2d67ac28f57a362f1a2c1e6fa98bfe2f03230f7e15927aecd067433b1e70ce8",
                "sha256:f3b117b922af5e4c6b9a9115825726cac7d8b1421c37c2b5e24fbacc8930612c",
                "sha256:febc4a913592573c8d5805091a6c2b5064c8bd6e002131f01061797d91c783c1"
            ],
            "index": "pypi",
            "markers": "python_version >= '3.9'",
            "version": "==20.0.0"
        },
        "python-dateutil": {
            "hashes": [
                "sha256:37dd54208da7e1cd875388217d5e00ebd4179249f90fb72437e91a35459a0ad3",
                "sha256:a8b2bc7bffae282281c8140a97d3aa9c14da0b136dfe83f850eea9a5f7470427"
            ],
            "markers": "python_version >= '2.7' and python_version not in '3.0, 3.1, 3.2, 3.3'",
            "version": "==2.9.0.post0"
        },
        "pytz": {
            "hashes": [
                "sha256:360b9e3dbb49a209c21ad61809c7fb453643e048b38924c765813546746e81c3",
                "sha256:5ddf76296dd8c44c26eb8f4b6f35488f3ccbf6fbbd7adee0b7262d43f0ec2f00"
            ],
            "version": "==2025.2"
        },
        "six": {
            "hashes": [
                "sha256:4721f391ed90541fddacab5acf947aa0d3dc7d27b2e1e8eda2be8970586c3274",
                "sha256:ff70335d468e7eb6ec65b95b99d3a2836546063f63acc5171de367e834932a81"
            ],
            "markers": "python_version >= '2.7' and python_version not in '3.0, 3.1, 3.2, 3.3'",
            "version": "==1.17.0"
        },
        "sqlalchemy": {
            "hashes": [
                "sha256:023b3ee6169969beea3bb72312e44d8b7c27c75b347942d943cf49397b7edeb5",
                "sha256:03968a349db483936c249f4d9cd14ff2c296adfa1290b660ba6516f973139582",
                "sha256:05132c906066142103b83d9c250b60508af556982a385d96c4eaa9fb9720ac2b",
                "sha256:087b6b52de812741c27231b5a3586384d60c353fbd0e2f81405a814b5591dc8b",
                "sha256:0b3dbf1e7e9bc95f4bac5e2fb6d3fb2f083254c3fdd20a1789af965caf2d2348",
                "sha256:118c16cd3f1b00c76d69343e38602006c9cfb9998fa4f798606d28d63f23beda",
                "sha256:1936af879e3db023601196a1684d28e12f19ccf93af01bf3280a3262c4b6b4e5",
                "sha256:1e3f196a0c59b0cae9a0cd332eb1a4bda4696e863f4f1cf84ab0347992c548c2",
                "sha256:23a8825495d8b195c4aa9ff1c430c28f2c821e8c5e2d98089228af887e5d7e29",
                "sha256:293cd444d82b18da48c9f71cd7005844dbbd06ca19be1ccf6779154439eec0b8",
                "sha256:32f9dc8c44acdee06c8fc6440db9eae8b4af8b01e4b1aee7bdd7241c22edff4f",
                "sha256:34ea30ab3ec98355235972dadc497bb659cc75f8292b760394824fab9cf39826",
                "sha256:3d3549fc3e40667ec7199033a4e40a2f669898a00a7b18a931d3efb4c7900504",
                "sha256:41836fe661cc98abfae476e14ba1906220f92c4e528771a8a3ae6a151242d2ae",
                "sha256:4d44522480e0bf34c3d63167b8cfa7289c1c54264c2950cc5fc26e7850967e45",
                "sha256:4eeb195cdedaf17aab6b247894ff2734dcead6c08f748e617bfe05bd5a218443",
                "sha256:4f67766965996e63bb46cfbf2ce5355fc32d9dd3b8ad7e536a920ff9ee422e23",
                "sha256:57df5dc6fdb5ed1a88a1ed2195fd31927e705cad62dedd86b46972752a80f576",
                "sha256:598d9ebc1e796431bbd068e41e4de4dc34312b7aa3292571bb3674a0cb415dd1",
                "sha256:5b14e97886199c1f52c14629c11d90c11fbb09e9334fa7bb5f6d068d9ced0ce0",
                "sha256:5e22575d169529ac3e0a120cf050ec9daa94b6a9597993d1702884f6954a7d71",
                "sha256:60c578c45c949f909a4026b7807044e7e564adf793537fc762b2489d522f3d11",
                "sha256:6145afea51ff0af7f2564a05fa95eb46f542919e6523729663a5d285ecb3cf5e",
                "sha256:6375cd674fe82d7aa9816d1cb96ec592bac1726c11e0cafbf40eeee9a4516b5f",
                "sha256:6854175807af57bdb6425e47adbce7d20a4d79bbfd6f6d6519cd10bb7109a7f8",
                "sha256:6ab60a5089a8f02009f127806f777fca82581c49e127f08413a66056bd9166dd",
                "sha256:725875a63abf7c399d4548e686debb65cdc2549e1825437096a0af1f7e374814",
                "sha256:7492967c3386df69f80cf67efd665c0f667cee67032090fe01d7d74b0e19bb08",
                "sha256:81965cc20848ab06583506ef54e37cf15c83c7e619df2ad16807c03100745dea",
                "sha256:81c24e0c0fde47a9723c81d5806569cddef103aebbf79dbc9fcbb617153dea30",
                "sha256:81eedafa609917040d39aa9332e25881a8e7a0862495fcdf2023a9667209deda",
                "sha256:81f413674d85cfd0dfcd6512e10e0f33c19c21860342a4890c3a2b59479929f9",
                "sha256:8280856dd7c6a68ab3a164b4a4b1c51f7691f6d04af4d4ca23d6ecf2261b7923",
                "sha256:82ca366a844eb551daff9d2e6e7a9e5e76d2612c8564f58db6c19a726869c1df",
                "sha256:8b4af17bda11e907c51d10686eda89049f9ce5669b08fbe71a29747f1e876036",
                "sha256:90144d3b0c8b139408da50196c5cad2a6909b51b23df1f0538411cd23ffa45d3",
                "sha256:906e6b0d7d452e9a98e5ab8507c0da791856b2380fdee61b765632bb8698026f",
                "sha256:90c11ceb9a1f482c752a71f203a81858625d8df5746d787a4786bca4ffdf71c6",
                "sha256:911cc493ebd60de5f285bcae0491a60b4f2a9f0f5c270edd1c4dbaef7a38fc04",
                "sha256:9a420a91913092d1e20c86a2f5f1fc85c1a8924dbcaf5e0586df8aceb09c9cc2",
                "sha256:9f8c9fdd15a55d9465e590a402f42082705d66b05afc3ffd2d2eb3c6ba919560",
                "sha256:a104c5694dfd2d864a6f91b0956eb5d5883234119cb40010115fd45a16da5e70",
                "sha256:a373a400f3e9bac95ba2a06372c4fd1412a7cee53c37fc6c05f829bf672b8769",
                "sha256:a62448526dd9ed3e3beedc93df9bb6b55a436ed1474db31a2af13b313a70a7e1",
                "sha256:a8808d5cf866c781150d36a3c8eb3adccfa41a8105d031bf27e92c251e3969d6",
                "sha256:b1f09b6821406ea1f94053f346f28f8215e293344209129a9c0fcc3578598d7b",
                "sha256:b2ac41acfc8d965fb0c464eb8f44995770239668956dc4cdf502d1b1ffe0d747",
                "sha256:b46fa6eae1cd1c20e6e6f44e19984d438b6b2d8616d21d783d150df714f44078",
                "sha256:b50eab9994d64f4a823ff99a0ed28a6903224ddbe7fef56a6dd865eec9243440",
                "sha256:bfc9064f6658a3d1cadeaa0ba07570b83ce6801a1314985bf98ec9b95d74e15f",
                "sha256:c0b0e5e1b5d9f3586601048dd68f392dc0cc99a59bb5faf18aab057ce00d00b2",
                "sha256:c153265408d18de4cc5ded1941dcd8315894572cddd3c58df5d5b5705b3fa28d",
                "sha256:d4ae769b9c1c7757e4ccce94b0641bc203bbdf43ba7a2413ab2523d8d047d8dc",
                "sha256:dc56c9788617b8964ad02e8fcfeed4001c1f8ba91a9e1f31483c0dffb207002a",
                "sha256:dd5ec3aa6ae6e4d5b5de9357d2133c07be1aff6405b136dad753a16afb6717dd",
                "sha256:edba70118c4be3c2b1f90754d308d0b79c6fe2c0fdc52d8ddf603916f83f4db9",
                "sha256:ff8e80c4c4932c10493ff97028decfdb622de69cae87e0f127a7ebe32b4069c6"
            ],
            "index": "pypi",
            "markers": "python_version >= '3.7'",
            "version": "==2.0.41"
        },
        "typing-extensions": {
            "hashes": [
                "sha256:a439e7c04b49fec3e5d3e2beaa21755cadbbdc391694e28ccdd36ca4a1408f8c",
                "sha256:e6c81219bd689f51865d9e372991c540bda33a0379d5573cddb9a3a23f7caaef"
            ],
            "markers": "python_version >= '3.8'",
            "version": "==4.13.2"
        },
        "tzdata": {
            "hashes": [
                "sha256:1a403fada01ff9221ca8044d701868fa132215d84beb92242d9acd2147f667a8",
                "sha256:b60a638fcc0daffadf82fe0f57e53d06bdec2f36c4df66280ae79bce6bd6f2b9"
            ],
            "markers": "python_version >= '2'",
            "version": "==2025.2"
        }
    },
    "develop": {}
}
