{
    "_meta": {
        "hash": {
            "sha256": "be102aba8ca084e1f290ce35bf39a679890827b389594c3bfbb3081203257349"
        },
        "pipfile-spec": 6,
        "requires": {
            "python_version": "3.12"
        },
        "sources": [
            {
                "name": "pypi",
                "url": "https://pypi.org/simple",
                "verify_ssl": true
            }
        ]
    },
    "default": {
        "connectorx": {
            "hashes": [
                "sha256:224da692923f3e2f6ae5677dfd0f00ac0374e3989832ee4de029112b09da2281",
                "sha256:31b2c02f56360c6c4034d23c107772df98c8ab6102f71242bcb9a8a0fec06512",
                "sha256:33a64fdd0b3efd32f54cce664f1022d448db5878e919e7a2f186f2af19eaa572",
                "sha256:342d233ca0008ec7cfef2ab91da566f15a1326ac2f51c87c6dd9f77dc9a6549e",
                "sha256:42d9ae283541aca860f7082186ecb0525ff933b714e676dfe0e517e7943a9799",
                "sha256:447bd065feb69b63e51a8a056b1de3ccb98a48108b52987dba1b67555f01a8d8",
                "sha256:5c6bb6cc468ff77b18b71ee44b5ea7e3c72de3a08a4740040fed3361a6086659",
                "sha256:635727407b0a14ff30cd02519e631766b2df55c94da2d57c7599e5a9a4ce2f4f",
                "sha256:63a5a4961ed43e5f33eebaa9ee0ea0bb4e3f7d0f710d48e2b51ede3bd1e2af44",
                "sha256:72103766090f81ed7f8aeba9183d7eb2f24b65de9678d74a61c16f85f89e8b81",
                "sha256:b74266abb86c7d570579004d909d8b4ce5d18dab29e07c63015ea75ed0178adb",
                "sha256:c3ebe1e95e4c82d69804d0165be4d4f80ff4bb1beac04d6946aa73ed04819440",
                "sha256:d4c156df650860002f61155e2eff23d9c822c2e9f14e16d04e21dd1033b09cdc",
                "sha256:d9b6d1832c071201cacb810b06c7311cb605f99dead0ee47935d38086f1c9d4b",
                "sha256:dd80488823a174d0c73e4575b10f0c0eb86bc82cbd72e28fd2b611733308699d",
                "sha256:fb3653c4ff1de8ada871c2ab883ed04dc2b7bb84704fcf08e6a23cf67deb931f"
            ],
            "index": "pypi",
            "markers": "python_version >= '3.10'",
            "version": "==0.4.0"
        },
        "polars": {
            "hashes": [
                "sha256:0bc46ad6ceeec5d9d881f09c7c1811844e851980735f8455981cdea456e08f5c",
                "sha256:3fc0cf084f848799379e8eba14733ae0e9d66a0fa8ec41719df82ed29c827003",
                "sha256:588b5622b3a73be874a8e432d45c8a122662c09ce5ba2d5e5966f6dacce2b914",
                "sha256:5ca507d162f88a44e1a945feecfa474fda0b66f378336d69b9ee23917da670c3",
                "sha256:e34fbeca4664fba754a12d0a66b36569c4c9e5a0116108d9362067a0ca596b4d",
                "sha256:f346177c6f3442e8e61eadc4830d588348bf3383b0100d1c942b5615813be16e"
            ],
            "index": "pypi",
            "markers": "python_version >= '3.9'",
            "version": "==1.14.0"
        },
        "psycopg2-binary": {
            "hashes": [
                "sha256:04392983d0bb89a8717772a193cfaac58871321e3ec69514e1c4e0d4957b5aff",
                "sha256:056470c3dc57904bbf63d6f534988bafc4e970ffd50f6271fc4ee7daad9498a5",
                "sha256:0ea8e3d0ae83564f2fc554955d327fa081d065c8ca5cc6d2abb643e2c9c1200f",
                "sha256:155e69561d54d02b3c3209545fb08938e27889ff5a10c19de8d23eb5a41be8a5",
                "sha256:18c5ee682b9c6dd3696dad6e54cc7ff3a1a9020df6a5c0f861ef8bfd338c3ca0",
                "sha256:19721ac03892001ee8fdd11507e6a2e01f4e37014def96379411ca99d78aeb2c",
                "sha256:1a6784f0ce3fec4edc64e985865c17778514325074adf5ad8f80636cd029ef7c",
                "sha256:2286791ececda3a723d1910441c793be44625d86d1a4e79942751197f4d30341",
                "sha256:230eeae2d71594103cd5b93fd29d1ace6420d0b86f4778739cb1a5a32f607d1f",
                "sha256:245159e7ab20a71d989da00f280ca57da7641fa2cdcf71749c193cea540a74f7",
                "sha256:26540d4a9a4e2b096f1ff9cce51253d0504dca5a85872c7f7be23be5a53eb18d",
                "sha256:270934a475a0e4b6925b5f804e3809dd5f90f8613621d062848dd82f9cd62007",
                "sha256:2ad26b467a405c798aaa1458ba09d7e2b6e5f96b1ce0ac15d82fd9f95dc38a92",
                "sha256:2b3d2491d4d78b6b14f76881905c7a8a8abcf974aad4a8a0b065273a0ed7a2cb",
                "sha256:2ce3e21dc3437b1d960521eca599d57408a695a0d3c26797ea0f72e834c7ffe5",
                "sha256:30e34c4e97964805f715206c7b789d54a78b70f3ff19fbe590104b71c45600e5",
                "sha256:3216ccf953b3f267691c90c6fe742e45d890d8272326b4a8b20850a03d05b7b8",
                "sha256:32581b3020c72d7a421009ee1c6bf4a131ef5f0a968fab2e2de0c9d2bb4577f1",
                "sha256:35958ec9e46432d9076286dda67942ed6d968b9c3a6a2fd62b48939d1d78bf68",
                "sha256:3abb691ff9e57d4a93355f60d4f4c1dd2d68326c968e7db17ea96df3c023ef73",
                "sha256:3c18f74eb4386bf35e92ab2354a12c17e5eb4d9798e4c0ad3a00783eae7cd9f1",
                "sha256:3c4745a90b78e51d9ba06e2088a2fe0c693ae19cc8cb051ccda44e8df8a6eb53",
                "sha256:3c4ded1a24b20021ebe677b7b08ad10bf09aac197d6943bfe6fec70ac4e4690d",
                "sha256:3e9c76f0ac6f92ecfc79516a8034a544926430f7b080ec5a0537bca389ee0906",
                "sha256:48b338f08d93e7be4ab2b5f1dbe69dc5e9ef07170fe1f86514422076d9c010d0",
                "sha256:4b3df0e6990aa98acda57d983942eff13d824135fe2250e6522edaa782a06de2",
                "sha256:512d29bb12608891e349af6a0cccedce51677725a921c07dba6342beaf576f9a",
                "sha256:5a507320c58903967ef7384355a4da7ff3f28132d679aeb23572753cbf2ec10b",
                "sha256:5c370b1e4975df846b0277b4deba86419ca77dbc25047f535b0bb03d1a544d44",
                "sha256:6b269105e59ac96aba877c1707c600ae55711d9dcd3fc4b5012e4af68e30c648",
                "sha256:6d4fa1079cab9018f4d0bd2db307beaa612b0d13ba73b5c6304b9fe2fb441ff7",
                "sha256:6dc08420625b5a20b53551c50deae6e231e6371194fa0651dbe0fb206452ae1f",
                "sha256:73aa0e31fa4bb82578f3a6c74a73c273367727de397a7a0f07bd83cbea696baa",
                "sha256:7559bce4b505762d737172556a4e6ea8a9998ecac1e39b5233465093e8cee697",
                "sha256:79625966e176dc97ddabc142351e0409e28acf4660b88d1cf6adb876d20c490d",
                "sha256:7a813c8bdbaaaab1f078014b9b0b13f5de757e2b5d9be6403639b298a04d218b",
                "sha256:7b2c956c028ea5de47ff3a8d6b3cc3330ab45cf0b7c3da35a2d6ff8420896526",
                "sha256:7f4152f8f76d2023aac16285576a9ecd2b11a9895373a1f10fd9db54b3ff06b4",
                "sha256:7f5d859928e635fa3ce3477704acee0f667b3a3d3e4bb109f2b18d4005f38287",
                "sha256:851485a42dbb0bdc1edcdabdb8557c09c9655dfa2ca0460ff210522e073e319e",
                "sha256:8608c078134f0b3cbd9f89b34bd60a943b23fd33cc5f065e8d5f840061bd0673",
                "sha256:880845dfe1f85d9d5f7c412efea7a08946a46894537e4e5d091732eb1d34d9a0",
                "sha256:8aabf1c1a04584c168984ac678a668094d831f152859d06e055288fa515e4d30",
                "sha256:8aecc5e80c63f7459a1a2ab2c64df952051df196294d9f739933a9f6687e86b3",
                "sha256:8cd9b4f2cfab88ed4a9106192de509464b75a906462fb846b936eabe45c2063e",
                "sha256:8de718c0e1c4b982a54b41779667242bc630b2197948405b7bd8ce16bcecac92",
                "sha256:9440fa522a79356aaa482aa4ba500b65f28e5d0e63b801abf6aa152a29bd842a",
                "sha256:b5f86c56eeb91dc3135b3fd8a95dc7ae14c538a2f3ad77a19645cf55bab1799c",
                "sha256:b73d6d7f0ccdad7bc43e6d34273f70d587ef62f824d7261c4ae9b8b1b6af90e8",
                "sha256:bb89f0a835bcfc1d42ccd5f41f04870c1b936d8507c6df12b7737febc40f0909",
                "sha256:c3cc28a6fd5a4a26224007712e79b81dbaee2ffb90ff406256158ec4d7b52b47",
                "sha256:ce5ab4bf46a211a8e924d307c1b1fcda82368586a19d0a24f8ae166f5c784864",
                "sha256:d00924255d7fc916ef66e4bf22f354a940c67179ad3fd7067d7a0a9c84d2fbfc",
                "sha256:d7cd730dfa7c36dbe8724426bf5612798734bff2d3c3857f36f2733f5bfc7c00",
                "sha256:e217ce4d37667df0bc1c397fdcd8de5e81018ef305aed9415c3b093faaeb10fb",
                "sha256:e3923c1d9870c49a2d44f795df0c889a22380d36ef92440ff618ec315757e539",
                "sha256:e5720a5d25e3b99cd0dc5c8a440570469ff82659bb09431c1439b92caf184d3b",
                "sha256:e8b58f0a96e7a1e341fc894f62c1177a7c83febebb5ff9123b579418fdc8a481",
                "sha256:e984839e75e0b60cfe75e351db53d6db750b00de45644c5d1f7ee5d1f34a1ce5",
                "sha256:eb09aa7f9cecb45027683bb55aebaaf45a0df8bf6de68801a6afdc7947bb09d4",
                "sha256:ec8a77f521a17506a24a5f626cb2aee7850f9b69a0afe704586f63a464f3cd64",
                "sha256:ecced182e935529727401b24d76634a357c71c9275b356efafd8a2a91ec07392",
                "sha256:ee0e8c683a7ff25d23b55b11161c2663d4b099770f6085ff0a20d4505778d6b4",
                "sha256:f0c2d907a1e102526dd2986df638343388b94c33860ff3bbe1384130828714b1",
                "sha256:f758ed67cab30b9a8d2833609513ce4d3bd027641673d4ebc9c067e4d208eec1",
                "sha256:f8157bed2f51db683f31306aa497311b560f2265998122abe1dce6428bd86567",
                "sha256:ffe8ed017e4ed70f68b7b371d84b7d4a790368db9203dfc2d222febd3a9c8863"
            ],
            "index": "pypi",
            "markers": "python_version >= '3.8'",
            "version": "==2.9.10"
        },
        "pyarrow": {
            "hashes": [
                "sha256:00178509f379415a3fcf855af020e3340254f990a8534294ec3cf674d6e255fd",
                "sha256:03f40b65a43be159d2f97fd64dc998f769d0995a50c00f07aab58b0b3da87e1f",
                "sha256:082ba62bdcb939824ba1ce10b8acef5ab621da1f4c4805e07bfd153617ac19d4",
                "sha256:09f30690b99ce34e0da64d20dab372ee54431745e4efb78ac938234a282d15f9",
                "sha256:2333f93260674e185cfbf208d2da3007132572e56871f451ba1a556b45dae6e2",
                "sha256:28f9c39a56d2c78bf6b87dcc699d520ab850919d4a8c7418cd20eda49874a2ea",
                "sha256:2c664ab88b9766413197733c1720d3dcd4190e8fa3bbdc3710384630a0a7207b",
                "sha256:2c992716cffb1088414f2b478f7af0175fd0a76fea80841b1706baa8fb0ebaad",
                "sha256:2e549a748fa8b8715e734919923f69318c953e077e9c02140ada13e59d043310",
                "sha256:320ae9bd45ad7ecc12ec858b3e8e462578de060832b98fc4d671dee9f10d9954",
                "sha256:336addb8b6f5208be1b2398442c703a710b6b937b1a046065ee4db65e782ff5a",
                "sha256:3ac24b2be732e78a5a3ac0b3aa870d73766dd00beba6e015ea2ea7394f8b4e55",
                "sha256:45476490dd4adec5472c92b4d253e245258745d0ccaabe706f8d03288ed60a79",
                "sha256:4c381857754da44326f3a49b8b199f7f87a51c2faacd5114352fc78de30d3aba",
                "sha256:4d5ca5d707e158540312e09fd907f9f49bacbe779ab5236d9699ced14d2293b8",
                "sha256:58a62549a3e0bc9e03df32f350e10e1efb94ec6cf63e3920c3385b26663948ce",
                "sha256:5f0510608ccd6e7f02ca8596962afb8c6cc84c453e7be0da4d85f5f4f7b0328a",
                "sha256:603cd8ad4976568954598ef0a6d4ed3dfb78aff3d57fa8d6271f470f0ce7d34f",
                "sha256:606e9a3dcb0f52307c5040698ea962685fb1c852d72379ee9412be7de9c5f9e2",
                "sha256:616ea2826c03c16e87f517c46296621a7c51e30400f6d0a61be645f203aa2b93",
                "sha256:66dcc216ebae2eb4c37b223feaf82f15b69d502821dde2da138ec5a3716e7463",
                "sha256:6dd1b52d0d58dd8f685ced9971eb49f697d753aa7912f0a8f50833c7a7426319",
                "sha256:871b292d4b696b09120ed5bde894f79ee2a5f109cb84470546471df264cae136",
                "sha256:8c70c1965cde991b711a98448ccda3486f2a336457cf4ec4dca257a926e149c9",
                "sha256:8f40ec677e942374e3d7f2fad6a67a4c2811a8b975e8703c6fd26d3b168a90e2",
                "sha256:907ee0aa8ca576f5e0cdc20b5aeb2ad4d3953a3b4769fc4b499e00ef0266f02f",
                "sha256:a1824f5b029ddd289919f354bc285992cb4e32da518758c136271cf66046ef22",
                "sha256:a6aa027b1a9d2970cf328ccd6dbe4a996bc13c39fd427f502782f5bdb9ca20f5",
                "sha256:a71ab0589a63a3e987beb2bc172e05f000a5c5be2636b4b263c44034e215b5d7",
                "sha256:b30a927c6dff89ee702686596f27c25160dd6c99be5bcc1513a763ae5b1bfc03",
                "sha256:b46591222c864e7da7faa3b19455196416cd8355ff6c2cc2e65726a760a3c420",
                "sha256:b5bd7fd32e3ace012d43925ea4fc8bd1b02cc6cc1e9813b518302950e89b5a22",
                "sha256:bc1daf7c425f58527900876354390ee41b0ae962a73ad0959b9d829def583bb1",
                "sha256:bc97316840a349485fbb137eb8d0f4d7057e1b2c1272b1a20eebbbe1848f5122",
                "sha256:be08af84808dff63a76860847c48ec0416928a7b3a17c2f49a072cac7c45efbd",
                "sha256:d5795e37c0a33baa618c5e054cd61f586cf76850a251e2b21355e4085def6280",
                "sha256:d6331f280c6e4521c69b201a42dd978f60f7e129511a55da9e0bfe426b4ebb8d",
                "sha256:dc892be34dbd058e8d189b47db1e33a227d965ea8805a235c8a7286f7fd17d3a",
                "sha256:e7ab04f272f98ebffd2a0661e4e126036f6936391ba2889ed2d44c5006237802",
                "sha256:eb7e3abcda7e1e6b83c2dc2909c8d045881017270a119cc6ee7fdcfe71d02df8",
                "sha256:f1a198a50c409ab2d009fbf20956ace84567d67f2c5701511d4dd561fae6f32e",
                "sha256:fe92efcdbfa0bcf2fa602e466d7f2905500f33f09eb90bf0bcf2e6ca41b574c8"
            ],
            "index": "pypi",
            "markers": "python_version >= '3.9'",
            "version": "==18.0.0"
        }
    },
    "develop": {}
}
