version = 1
revision = 3
requires-python = ">=3.12"

[[package]]
name = "etl-sling"
version = "0.1.0"
source = { virtual = "." }
dependencies = [
    { name = "sling" },
]

[package.metadata]
requires-dist = [{ name = "sling" }]

[[package]]
name = "sling"
version = "1.5.12"
source = { registry = "https://pypi.org/simple" }
sdist = { url = "https://files.pythonhosted.org/packages/74/8c/85afbff99a285196055539770e416eead76958ff5b0fc87d351beedc7dc3/sling-1.5.12.tar.gz", hash = "sha256:9ba14244ae31bd62e65fa8bd19a234952bf3ce4c2e74d0d38ec9c567366e260b", size = 58402, upload-time = "2026-03-09T18:26:56.6Z" }
wheels = [
    { url = "https://files.pythonhosted.org/packages/98/39/d44356193fdae9e25e1bfba961696296b98bffca1eb9530c525513ee8426/sling-1.5.12-py3-none-any.whl", hash = "sha256:369445e2cacd5cb779026fe7aff6e2d21b3570d830f92b4706e3c815249fec7a", size = 31969, upload-time = "2026-03-09T18:26:55.085Z" },
]
